
Microsoft Visual Studio Solution File, Format Version 12.00
# Visual Studio Version 16
VisualStudioVersion = 16.0.29411.108
MinimumVisualStudioVersion = 10.0.40219.1
Project("{FAE04EC0-301F-11D3-BF4B-00C04F79EFBC}") = "FinalTextEditor", "FinalTextEditor.csproj", "{78B0B412-21F2-43FB-A67A-9A0B1506C8F6}"
EndProject
Global
	GlobalSection(SolutionConfigurationPlatforms) = preSolution
		Debug|Any CPU = Debug|Any CPU
		Release|Any CPU = Release|Any CPU
	EndGlobalSection
	GlobalSection(ProjectConfigurationPlatforms) = postSolution
		{78B0B412-21F2-43FB-A67A-9A0B1506C8F6}.Debug|Any CPU.ActiveCfg = Debug|Any CPU
		{78B0B412-21F2-43FB-A67A-9A0B1506C8F6}.Debug|Any CPU.Build.0 = Debug|Any CPU
		{78B0B412-21F2-43FB-A67A-9A0B1506C8F6}.Release|Any CPU.ActiveCfg = Release|Any CPU
		{78B0B412-21F2-43FB-A67A-9A0B1506C8F6}.Release|Any CPU.Build.0 = Release|Any CPU
	EndGlobalSection
	GlobalSection(SolutionProperties) = preSolution
		HideSolutionNode = FALSE
	EndGlobalSection
	GlobalSection(ExtensibilityGlobals) = postSolution
		SolutionGuid = {2457D34E-605F-430A-817A-59F15C776ED0}
	EndGlobalSection
EndGlobal
